
Microsoft Visual Studio Solution File, Format Version 12.00
# Visual Studio Version 16
VisualStudioVersion = 16.0.30011.22
MinimumVisualStudioVersion = 10.0.40219.1
Project("{9A19103F-16F7-4668-BE54-9A1E7A4F7556}") = "PuppeteerBrowserBasics", "PuppeteerBrowserBasics.csproj", "{6E8F8FD1-1A24-4611-BB38-AB9C6D9EDC32}"
EndProject
Global
	GlobalSection(SolutionConfigurationPlatforms) = preSolution
		Debug|Any CPU = Debug|Any CPU
		Release|Any CPU = Release|Any CPU
	EndGlobalSection
	GlobalSection(ProjectConfigurationPlatforms) = postSolution
		{6E8F8FD1-1A24-4611-BB38-AB9C6D9EDC32}.Debug|Any CPU.ActiveCfg = Debug|Any CPU
		{6E8F8FD1-1A24-4611-BB38-AB9C6D9EDC32}.Debug|Any CPU.Build.0 = Debug|Any CPU
		{6E8F8FD1-1A24-4611-BB38-AB9C6D9EDC32}.Release|Any CPU.ActiveCfg = Release|Any CPU
		{6E8F8FD1-1A24-4611-BB38-AB9C6D9EDC32}.Release|Any CPU.Build.0 = Release|Any CPU
	EndGlobalSection
	GlobalSection(SolutionProperties) = preSolution
		HideSolutionNode = FALSE
	EndGlobalSection
	GlobalSection(ExtensibilityGlobals) = postSolution
		SolutionGuid = {D0792B2A-D532-41D2-A64A-39922739608F}
	EndGlobalSection
EndGlobal
