
Microsoft Visual Studio Solution File, Format Version 12.00
# Visual Studio Version 16
VisualStudioVersion = 16.0.30011.22
MinimumVisualStudioVersion = 10.0.40219.1
Project("{9A19103F-16F7-4668-BE54-9A1E7A4F7556}") = "PuppeteerBrowserBasics", "PuppeteerBrowserBasics\PuppeteerBrowserBasics.csproj", "{DE00F1AA-92F1-4D2E-90D1-2B82EB7067A7}"
EndProject
Global
	GlobalSection(SolutionConfigurationPlatforms) = preSolution
		Debug|Any CPU = Debug|Any CPU
		Release|Any CPU = Release|Any CPU
	EndGlobalSection
	GlobalSection(ProjectConfigurationPlatforms) = postSolution
		{DE00F1AA-92F1-4D2E-90D1-2B82EB7067A7}.Debug|Any CPU.ActiveCfg = Debug|Any CPU
		{DE00F1AA-92F1-4D2E-90D1-2B82EB7067A7}.Debug|Any CPU.Build.0 = Debug|Any CPU
		{DE00F1AA-92F1-4D2E-90D1-2B82EB7067A7}.Release|Any CPU.ActiveCfg = Release|Any CPU
		{DE00F1AA-92F1-4D2E-90D1-2B82EB7067A7}.Release|Any CPU.Build.0 = Release|Any CPU
	EndGlobalSection
	GlobalSection(SolutionProperties) = preSolution
		HideSolutionNode = FALSE
	EndGlobalSection
	GlobalSection(ExtensibilityGlobals) = postSolution
		SolutionGuid = {D0792B2A-D532-41D2-A64A-39922739608F}
	EndGlobalSection
EndGlobal
